
Microsoft Visual Studio Solution File, Format Version 12.00
# Visual Studio Version 17
VisualStudioVersion = 17.14.36202.13
MinimumVisualStudioVersion = 10.0.40219.1
Project("{2150E333-8FDC-42A3-9474-1A3956D46DE8}") = "src", "src", "{02EA681E-C7D8-13C7-8484-4AC65E1B71E8}"
EndProject
Project("{2150E333-8FDC-42A3-9474-1A3956D46DE8}") = "tests", "tests", "{1347CD03-3D0B-45C9-8452-0F7985A5C887}"
EndProject
Project("{FAE04EC0-301F-11D3-BF4B-00C04F79EFBC}") = "JuiceGo.API", "src\JuiceGo.API\JuiceGo.API.csproj", "{5B98FED3-B95F-A91F-33E8-BED1E1BF7383}"
EndProject
Project("{FAE04EC0-301F-11D3-BF4B-00C04F79EFBC}") = "JuiceGo.Application", "src\JuiceGo.Application\JuiceGo.Application.csproj", "{97A4E93B-EE6C-87F3-7DEB-B2E1D60CE995}"
EndProject
Project("{FAE04EC0-301F-11D3-BF4B-00C04F79EFBC}") = "JuiceGo.Domain", "src\JuiceGo.Domain\JuiceGo.Domain.csproj", "{CE981FA7-536B-798E-16B9-F3F25EE40E1F}"
EndProject
Project("{FAE04EC0-301F-11D3-BF4B-00C04F79EFBC}") = "JuiceGo.Infrastructure", "src\JuiceGo.Infrastructure\JuiceGo.Infrastructure.csproj", "{8A953770-3EE2-98F2-C08F-1D11A1E3C9C7}"
EndProject
Global
	GlobalSection(SolutionConfigurationPlatforms) = preSolution
		Debug|Any CPU = Debug|Any CPU
		Release|Any CPU = Release|Any CPU
	EndGlobalSection
	GlobalSection(ProjectConfigurationPlatforms) = postSolution
		{5B98FED3-B95F-A91F-33E8-BED1E1BF7383}.Debug|Any CPU.ActiveCfg = Debug|Any CPU
		{5B98FED3-B95F-A91F-33E8-BED1E1BF7383}.Debug|Any CPU.Build.0 = Debug|Any CPU
		{5B98FED3-B95F-A91F-33E8-BED1E1BF7383}.Release|Any CPU.ActiveCfg = Release|Any CPU
		{5B98FED3-B95F-A91F-33E8-BED1E1BF7383}.Release|Any CPU.Build.0 = Release|Any CPU
		{97A4E93B-EE6C-87F3-7DEB-B2E1D60CE995}.Debug|Any CPU.ActiveCfg = Debug|Any CPU
		{97A4E93B-EE6C-87F3-7DEB-B2E1D60CE995}.Debug|Any CPU.Build.0 = Debug|Any CPU
		{97A4E93B-EE6C-87F3-7DEB-B2E1D60CE995}.Release|Any CPU.ActiveCfg = Release|Any CPU
		{97A4E93B-EE6C-87F3-7DEB-B2E1D60CE995}.Release|Any CPU.Build.0 = Release|Any CPU
		{CE981FA7-536B-798E-16B9-F3F25EE40E1F}.Debug|Any CPU.ActiveCfg = Debug|Any CPU
		{CE981FA7-536B-798E-16B9-F3F25EE40E1F}.Debug|Any CPU.Build.0 = Debug|Any CPU
		{CE981FA7-536B-798E-16B9-F3F25EE40E1F}.Release|Any CPU.ActiveCfg = Release|Any CPU
		{CE981FA7-536B-798E-16B9-F3F25EE40E1F}.Release|Any CPU.Build.0 = Release|Any CPU
		{8A953770-3EE2-98F2-C08F-1D11A1E3C9C7}.Debug|Any CPU.ActiveCfg = Debug|Any CPU
		{8A953770-3EE2-98F2-C08F-1D11A1E3C9C7}.Debug|Any CPU.Build.0 = Debug|Any CPU
		{8A953770-3EE2-98F2-C08F-1D11A1E3C9C7}.Release|Any CPU.ActiveCfg = Release|Any CPU
		{8A953770-3EE2-98F2-C08F-1D11A1E3C9C7}.Release|Any CPU.Build.0 = Release|Any CPU
	EndGlobalSection
	GlobalSection(SolutionProperties) = preSolution
		HideSolutionNode = FALSE
	EndGlobalSection
	GlobalSection(NestedProjects) = preSolution
		{5B98FED3-B95F-A91F-33E8-BED1E1BF7383} = {02EA681E-C7D8-13C7-8484-4AC65E1B71E8}
		{97A4E93B-EE6C-87F3-7DEB-B2E1D60CE995} = {02EA681E-C7D8-13C7-8484-4AC65E1B71E8}
		{CE981FA7-536B-798E-16B9-F3F25EE40E1F} = {02EA681E-C7D8-13C7-8484-4AC65E1B71E8}
		{8A953770-3EE2-98F2-C08F-1D11A1E3C9C7} = {02EA681E-C7D8-13C7-8484-4AC65E1B71E8}
	EndGlobalSection
	GlobalSection(ExtensibilityGlobals) = postSolution
		SolutionGuid = {E891FC4C-FDDC-4E93-A416-9F7F123181EB}
	EndGlobalSection
EndGlobal
